{
  "name": "@uplol/monaco-editor-textmate",
  "version": "2.2.2",
  "lockfileVersion": 1,
  "requires": true,
  "dependencies": {
    "@uplol/monaco-editor": {
      "version": "103.9.5",
      "resolved": "https://registry.npmjs.org/@uplol/monaco-editor/-/monaco-editor-103.9.5.tgz",
      "integrity": "sha512-RPb3yK4tLAtG7MEi+AYz9s0Q5bCxK20ITnc8ERJun6X8IqCTgIuKIzU4wt723ufoEUi+7GLfYn5x/GyawxGLfA=="
    },
    "fast-plist": {
      "version": "0.1.2",
      "resolved": "https://registry.npmjs.org/fast-plist/-/fast-plist-0.1.2.tgz",
      "integrity": "sha1-pFr/NFGWAG1AbKbNzQX2kFHvNbg="
    },
    "monaco-textmate": {
      "version": "3.0.1",
      "resolved": "https://registry.npmjs.org/monaco-textmate/-/monaco-textmate-3.0.1.tgz",
      "integrity": "sha512-ZxxY3OsqUczYP1sGqo97tu+CJmMBwuSW+dL0WEBdDhOZ5G1zntw72hvBc68ZQAirosWvbDKgN1dL5k173QtFww==",
      "requires": {
        "fast-plist": "^0.1.2"
      }
    },
    "typescript": {
      "version": "2.9.2",
      "resolved": "https://registry.npmjs.org/typescript/-/typescript-2.9.2.tgz",
      "integrity": "sha512-Gr4p6nFNaoufRIY4NMdpQRNmgxVIGMs4Fcu/ujdYk3nAZqk7supzBE9idmvfZIlH/Cuj//dvi+019qEue9lV0w==",
      "dev": true
    }
  }
}
